// !$*UTF8*$!
{
	archiveVersion = 1;
	classes = {
	};
	objectVersion = 50;
	objects = {

/* Begin PBXBuildFile section */
		69E86AED21F520EF00A928DE /* AppDelegate.swift in Sources */ = {isa = PBXBuildFile; fileRef = 69E86AEC21F520EF00A928DE /* AppDelegate.swift */; };
		69E86AEF21F520EF00A928DE /* ViewController.swift in Sources */ = {isa = PBXBuildFile; fileRef = 69E86AEE21F520EF00A928DE /* ViewController.swift */; };
		69E86AF221F520EF00A928DE /* Main.storyboard in Resources */ = {isa = PBXBuildFile; fileRef = 69E86AF021F520EF00A928DE /* Main.storyboard */; };
		69E86AF521F520EF00A928DE /* FetchViewControllerGlitch.xcdatamodeld in Sources */ = {isa = PBXBuildFile; fileRef = 69E86AF321F520EF00A928DE /* FetchViewControllerGlitch.xcdatamodeld */; };
		69E86AF721F520F200A928DE /* Assets.xcassets in Resources */ = {isa = PBXBuildFile; fileRef = 69E86AF621F520F200A928DE /* Assets.xcassets */; };
		69E86AFA21F520F200A928DE /* LaunchScreen.storyboard in Resources */ = {isa = PBXBuildFile; fileRef = 69E86AF821F520F200A928DE /* LaunchScreen.storyboard */; };
/* End PBXBuildFile section */

/* Begin PBXFileReference section */
		69E86AE921F520EF00A928DE /* FetchViewControllerGlitch.app */ = {isa = PBXFileReference; explicitFileType = wrapper.application; includeInIndex = 0; path = FetchViewControllerGlitch.app; sourceTree = BUILT_PRODUCTS_DIR; };
		69E86AEC21F520EF00A928DE /* AppDelegate.swift */ = {isa = PBXFileReference; lastKnownFileType = sourcecode.swift; path = AppDelegate.swift; sourceTree = "<group>"; };
		69E86AEE21F520EF00A928DE /* ViewController.swift */ = {isa = PBXFileReference; lastKnownFileType = sourcecode.swift; path = ViewController.swift; sourceTree = "<group>"; };
		69E86AF121F520EF00A928DE /* Base */ = {isa = PBXFileReference; lastKnownFileType = file.storyboard; name = Base; path = Base.lproj/Main.storyboard; sourceTree = "<group>"; };
		69E86AF421F520EF00A928DE /* FetchViewControllerGlitch.xcdatamodel */ = {isa = PBXFileReference; lastKnownFileType = wrapper.xcdatamodel; path = FetchViewControllerGlitch.xcdatamodel; sourceTree = "<group>"; };
		69E86AF621F520F200A928DE /* Assets.xcassets */ = {isa = PBXFileReference; lastKnownFileType = folder.assetcatalog; path = Assets.xcassets; sourceTree = "<group>"; };
		69E86AF921F520F200A928DE /* Base */ = {isa = PBXFileReference; lastKnownFileType = file.storyboard; name = Base; path = Base.lproj/LaunchScreen.storyboard; sourceTree = "<group>"; };
		69E86AFB21F520F200A928DE /* Info.plist */ = {isa = PBXFileReference; lastKnownFileType = text.plist.xml; path = Info.plist; sourceTree = "<group>"; };
/* End PBXFileReference section */

/* Begin PBXFrameworksBuildPhase section */
		69E86AE621F520EF00A928DE /* Frameworks */ = {
			isa = PBXFrameworksBuildPhase;
			buildActionMask = 2147483647;
			files = (
			);
			runOnlyForDeploymentPostprocessing = 0;
		};
/* End PBXFrameworksBuildPhase section */

/* Begin PBXGroup section */
		69E86AE021F520EF00A928DE = {
			isa = PBXGroup;
			children = (
				69E86AEB21F520EF00A928DE /* FetchViewControllerGlitch */,
				69E86AEA21F520EF00A928DE /* Products */,
			);
			sourceTree = "<group>";
		};
		69E86AEA21F520EF00A928DE /* Products */ = {
			isa = PBXGroup;
			children = (
				69E86AE921F520EF00A928DE /* FetchViewControllerGlitch.app */,
			);
			name = Products;
			sourceTree = "<group>";
		};
		69E86AEB21F520EF00A928DE /* FetchViewControllerGlitch */ = {
			isa = PBXGroup;
			children = (
				69E86AEC21F520EF00A928DE /* AppDelegate.swift */,
				69E86AEE21F520EF00A928DE /* ViewController.swift */,
				69E86AF021F520EF00A928DE /* Main.storyboard */,
				69E86AF621F520F200A928DE /* Assets.xcassets */,
				69E86AF821F520F200A928DE /* LaunchScreen.storyboard */,
				69E86AFB21F520F200A928DE /* Info.plist */,
				69E86AF321F520EF00A928DE /* FetchViewControllerGlitch.xcdatamodeld */,
			);
			path = FetchViewControllerGlitch;
			sourceTree = "<group>";
		};
/* End PBXGroup section */

/* Begin PBXNativeTarget section */
		69E86AE821F520EF00A928DE /* FetchViewControllerGlitch */ = {
			isa = PBXNativeTarget;
			buildConfigurationList = 69E86AFE21F520F200A928DE /* Build configuration list for PBXNativeTarget "FetchViewControllerGlitch" */;
			buildPhases = (
				69E86AE521F520EF00A928DE /* Sources */,
				69E86AE621F520EF00A928DE /* Frameworks */,
				69E86AE721F520EF00A928DE /* Resources */,
			);
			buildRules = (
			);
			dependencies = (
			);
			name = FetchViewControllerGlitch;
			productName = FetchViewControllerGlitch;
			productReference = 69E86AE921F520EF00A928DE /* FetchViewControllerGlitch.app */;
			productType = "com.apple.product-type.application";
		};
/* End PBXNativeTarget section */

/* Begin PBXProject section */
		69E86AE121F520EF00A928DE /* Project object */ = {
			isa = PBXProject;
			attributes = {
				LastSwiftUpdateCheck = 1010;
				LastUpgradeCheck = 1010;
				ORGANIZATIONNAME = "Jasper Visser";
				TargetAttributes = {
					69E86AE821F520EF00A928DE = {
						CreatedOnToolsVersion = 10.1;
					};
				};
			};
			buildConfigurationList = 69E86AE421F520EF00A928DE /* Build configuration list for PBXProject "FetchViewControllerGlitch" */;
			compatibilityVersion = "Xcode 9.3";
			developmentRegion = en;
			hasScannedForEncodings = 0;
			knownRegions = (
				en,
				Base,
			);
			mainGroup = 69E86AE021F520EF00A928DE;
			productRefGroup = 69E86AEA21F520EF00A928DE /* Products */;
			projectDirPath = "";
			projectRoot = "";
			targets = (
				69E86AE821F520EF00A928DE /* FetchViewControllerGlitch */,
			);
		};
/* End PBXProject section */

/* Begin PBXResourcesBuildPhase section */
		69E86AE721F520EF00A928DE /* Resources */ = {
			isa = PBXResourcesBuildPhase;
			buildActionMask = 2147483647;
			files = (
				69E86AFA21F520F200A928DE /* LaunchScreen.storyboard in Resources */,
				69E86AF721F520F200A928DE /* Assets.xcassets in Resources */,
				69E86AF221F520EF00A928DE /* Main.storyboard in Resources */,
			);
			runOnlyForDeploymentPostprocessing = 0;
		};
/* End PBXResourcesBuildPhase section */

/* Begin PBXSourcesBuildPhase section */
		69E86AE521F520EF00A928DE /* Sources */ = {
			isa = PBXSourcesBuildPhase;
			buildActionMask = 2147483647;
			files = (
				69E86AEF21F520EF00A928DE /* ViewController.swift in Sources */,
				69E86AF521F520EF00A928DE /* FetchViewControllerGlitch.xcdatamodeld in Sources */,
				69E86AED21F520EF00A928DE /* AppDelegate.swift in Sources */,
			);
			runOnlyForDeploymentPostprocessing = 0;
		};
/* End PBXSourcesBuildPhase section */

/* Begin PBXVariantGroup section */
		69E86AF021F520EF00A928DE /* Main.storyboard */ = {
			isa = PBXVariantGroup;
			children = (
				69E86AF121F520EF00A928DE /* Base */,
			);
			name = Main.storyboard;
			sourceTree = "<group>";
		};
		69E86AF821F520F200A928DE /* LaunchScreen.storyboard */ = {
			isa = PBXVariantGroup;
			children = (
				69E86AF921F520F200A928DE /* Base */,
			);
			name = LaunchScreen.storyboard;
			sourceTree = "<group>";
		};
/* End PBXVariantGroup section */

/* Begin XCBuildConfiguration section */
		69E86AFC21F520F200A928DE /* Debug */ = {
			isa = XCBuildConfiguration;
			buildSettings = {
				ALWAYS_SEARCH_USER_PATHS = NO;
				CLANG_ANALYZER_NONNULL = YES;
				CLANG_ANALYZER_NUMBER_OBJECT_CONVERSION = YES_AGGRESSIVE;
				CLANG_CXX_LANGUAGE_STANDARD = "gnu++14";
				CLANG_CXX_LIBRARY = "libc++";
				CLANG_ENABLE_MODULES = YES;
				CLANG_ENABLE_OBJC_ARC = YES;
				CLANG_ENABLE_OBJC_WEAK = YES;
				CLANG_WARN_BLOCK_CAPTURE_AUTORELEASING = YES;
				CLANG_WARN_BOOL_CONVERSION = YES;
				CLANG_WARN_COMMA = YES;
				CLANG_WARN_CONSTANT_CONVERSION = YES;
				CLANG_WARN_DEPRECATED_OBJC_IMPLEMENTATIONS = YES;
				CLANG_WARN_DIRECT_OBJC_ISA_USAGE = YES_ERROR;
				CLANG_WARN_DOCUMENTATION_COMMENTS = YES;
				CLANG_WARN_EMPTY_BODY = YES;
				CLANG_WARN_ENUM_CONVERSION = YES;
				CLANG_WARN_INFINITE_RECURSION = YES;
				CLANG_WARN_INT_CONVERSION = YES;
				CLANG_WARN_NON_LITERAL_NULL_CONVERSION = YES;
				CLANG_WARN_OBJC_IMPLICIT_RETAIN_SELF = YES;
				CLANG_WARN_OBJC_LITERAL_CONVERSION = YES;
				CLANG_WARN_OBJC_ROOT_CLASS = YES_ERROR;
				CLANG_WARN_RANGE_LOOP_ANALYSIS = YES;
				CLANG_WARN_STRICT_PROTOTYPES = YES;
				CLANG_WARN_SUSPICIOUS_MOVE = YES;
				CLANG_WARN_UNGUARDED_AVAILABILITY = YES_AGGRESSIVE;
				CLANG_WARN_UNREACHABLE_CODE = YES;
				CLANG_WARN__DUPLICATE_METHOD_MATCH = YES;
				CODE_SIGN_IDENTITY = "iPhone Developer";
				COPY_PHASE_STRIP = NO;
				DEBUG_INFORMATION_FORMAT = dwarf;
				ENABLE_STRICT_OBJC_MSGSEND = YES;
				ENABLE_TESTABILITY = YES;
				GCC_C_LANGUAGE_STANDARD = gnu11;
				GCC_DYNAMIC_NO_PIC = NO;
				GCC_NO_COMMON_BLOCKS = YES;
				GCC_OPTIMIZATION_LEVEL = 0;
				GCC_PREPROCESSOR_DEFINITIONS = (
					"DEBUG=1",
					"$(inherited)",
				);
				GCC_WARN_64_TO_32_BIT_CONVERSION = YES;
				GCC_WARN_ABOUT_RETURN_TYPE = YES_ERROR;
				GCC_WARN_UNDECLARED_SELECTOR = YES;
				GCC_WARN_UNINITIALIZED_AUTOS = YES_AGGRESSIVE;
				GCC_WARN_UNUSED_FUNCTION = YES;
				GCC_WARN_UNUSED_VARIABLE = YES;
				IPHONEOS_DEPLOYMENT_TARGET = 12.1;
				MTL_ENABLE_DEBUG_INFO = INCLUDE_SOURCE;
				MTL_FAST_MATH = YES;
				ONLY_ACTIVE_ARCH = YES;
				SDKROOT = iphoneos;
				SWIFT_ACTIVE_COMPILATION_CONDITIONS = DEBUG;
				SWIFT_OPTIMIZATION_LEVEL = "-Onone";
			};
			name = Debug;
		};
		69E86AFD21F520F200A928DE /* Release */ = {
			isa = XCBuildConfiguration;
			buildSettings = {
				ALWAYS_SEARCH_USER_PATHS = NO;
				CLANG_ANALYZER_NONNULL = YES;
				CLANG_ANALYZER_NUMBER_OBJECT_CONVERSION = YES_AGGRESSIVE;
				CLANG_CXX_LANGUAGE_STANDARD = "gnu++14";
				CLANG_CXX_LIBRARY = "libc++";
				CLANG_ENABLE_MODULES = YES;
				CLANG_ENABLE_OBJC_ARC = YES;
				CLANG_ENABLE_OBJC_WEAK = YES;
				CLANG_WARN_BLOCK_CAPTURE_AUTORELEASING = YES;
				CLANG_WARN_BOOL_CONVERSION = YES;
				CLANG_WARN_COMMA = YES;
				CLANG_WARN_CONSTANT_CONVERSION = YES;
				CLANG_WARN_DEPRECATED_OBJC_IMPLEMENTATIONS = YES;
				CLANG_WARN_DIRECT_OBJC_ISA_USAGE = YES_ERROR;
				CLANG_WARN_DOCUMENTATION_COMMENTS = YES;
				CLANG_WARN_EMPTY_BODY = YES;
				CLANG_WARN_ENUM_CONVERSION = YES;
				CLANG_WARN_INFINITE_RECURSION = YES;
				CLANG_WARN_INT_CONVERSION = YES;
				CLANG_WARN_NON_LITERAL_NULL_CONVERSION = YES;
				CLANG_WARN_OBJC_IMPLICIT_RETAIN_SELF = YES;
				CLANG_WARN_OBJC_LITERAL_CONVERSION = YES;
				CLANG_WARN_OBJC_ROOT_CLASS = YES_ERROR;
				CLANG_WARN_RANGE_LOOP_ANALYSIS = YES;
				CLANG_WARN_STRICT_PROTOTYPES = YES;
				CLANG_WARN_SUSPICIOUS_MOVE = YES;
				CLANG_WARN_UNGUARDED_AVAILABILITY = YES_AGGRESSIVE;
				CLANG_WARN_UNREACHABLE_CODE = YES;
				CLANG_WARN__DUPLICATE_METHOD_MATCH = YES;
				CODE_SIGN_IDENTITY = "iPhone Developer";
				COPY_PHASE_STRIP = NO;
				DEBUG_INFORMATION_FORMAT = "dwarf-with-dsym";
				ENABLE_NS_ASSERTIONS = NO;
				ENABLE_STRICT_OBJC_MSGSEND = YES;
				GCC_C_LANGUAGE_STANDARD = gnu11;
				GCC_NO_COMMON_BLOCKS = YES;
				GCC_WARN_64_TO_32_BIT_CONVERSION = YES;
				GCC_WARN_ABOUT_RETURN_TYPE = YES_ERROR;
				GCC_WARN_UNDECLARED_SELECTOR = YES;
				GCC_WARN_UNINITIALIZED_AUTOS = YES_AGGRESSIVE;
				GCC_WARN_UNUSED_FUNCTION = YES;
				GCC_WARN_UNUSED_VARIABLE = YES;
				IPHONEOS_DEPLOYMENT_TARGET = 12.1;
				MTL_ENABLE_DEBUG_INFO = NO;
				MTL_FAST_MATH = YES;
				SDKROOT = iphoneos;
				SWIFT_COMPILATION_MODE = wholemodule;
				SWIFT_OPTIMIZATION_LEVEL = "-O";
				VALIDATE_PRODUCT = YES;
			};
			name = Release;
		};
		69E86AFF21F520F200A928DE /* Debug */ = {
			isa = XCBuildConfiguration;
			buildSettings = {
				ASSETCATALOG_COMPILER_APPICON_NAME = AppIcon;
				CODE_SIGN_STYLE = Automatic;
				INFOPLIST_FILE = FetchViewControllerGlitch/Info.plist;
				LD_RUNPATH_SEARCH_PATHS = (
					"$(inherited)",
					"@executable_path/Frameworks",
				);
				PRODUCT_BUNDLE_IDENTIFIER = com.fetch.FetchViewControllerGlitch;
				PRODUCT_NAME = "$(TARGET_NAME)";
				SWIFT_VERSION = 4.2;
				TARGETED_DEVICE_FAMILY = "1,2";
			};
			name = Debug;
		};
		69E86B0021F520F200A928DE /* Release */ = {
			isa = XCBuildConfiguration;
			buildSettings = {
				ASSETCATALOG_COMPILER_APPICON_NAME = AppIcon;
				CODE_SIGN_STYLE = Automatic;
				INFOPLIST_FILE = FetchViewControllerGlitch/Info.plist;
				LD_RUNPATH_SEARCH_PATHS = (
					"$(inherited)",
					"@executable_path/Frameworks",
				);
				PRODUCT_BUNDLE_IDENTIFIER = com.fetch.FetchViewControllerGlitch;
				PRODUCT_NAME = "$(TARGET_NAME)";
				SWIFT_VERSION = 4.2;
				TARGETED_DEVICE_FAMILY = "1,2";
			};
			name = Release;
		};
/* End XCBuildConfiguration section */

/* Begin XCConfigurationList section */
		69E86AE421F520EF00A928DE /* Build configuration list for PBXProject "FetchViewControllerGlitch" */ = {
			isa = XCConfigurationList;
			buildConfigurations = (
				69E86AFC21F520F200A928DE /* Debug */,
				69E86AFD21F520F200A928DE /* Release */,
			);
			defaultConfigurationIsVisible = 0;
			defaultConfigurationName = Release;
		};
		69E86AFE21F520F200A928DE /* Build configuration list for PBXNativeTarget "FetchViewControllerGlitch" */ = {
			isa = XCConfigurationList;
			buildConfigurations = (
				69E86AFF21F520F200A928DE /* Debug */,
				69E86B0021F520F200A928DE /* Release */,
			);
			defaultConfigurationIsVisible = 0;
			defaultConfigurationName = Release;
		};
/* End XCConfigurationList section */

/* Begin XCVersionGroup section */
		69E86AF321F520EF00A928DE /* FetchViewControllerGlitch.xcdatamodeld */ = {
			isa = XCVersionGroup;
			children = (
				69E86AF421F520EF00A928DE /* FetchViewControllerGlitch.xcdatamodel */,
			);
			currentVersion = 69E86AF421F520EF00A928DE /* FetchViewControllerGlitch.xcdatamodel */;
			path = FetchViewControllerGlitch.xcdatamodeld;
			sourceTree = "<group>";
			versionGroupType = wrapper.xcdatamodel;
		};
/* End XCVersionGroup section */
	};
	rootObject = 69E86AE121F520EF00A928DE /* Project object */;
}
